{
  "requires": true,
  "lockfileVersion": 1,
  "dependencies": {
    "autorest": {
      "version": "2.0.4407",
      "resolved": "https://registry.npmjs.org/autorest/-/autorest-2.0.4407.tgz",
      "integrity": "sha512-keyeMDb/bVNN8hnDd8o08UC2C1OE8HRhubxksljSvKM5osHIJnoKBA1k3kD7MPAJ/+m6UjDQXci3ronxZeYy+Q=="
    }
  }
}
