
Microsoft Visual Studio Solution File, Format Version 12.00
Project("{2150E333-8FDC-42A3-9474-1A3956D46DE8}") = "src", "src", "{BE279DB8-B705-442A-961E-829583617226}"
EndProject
Project("{FAE04EC0-301F-11D3-BF4B-00C04F79EFBC}") = "Traces.Web", "src\Traces.Web\Traces.Web.csproj", "{88275473-3177-42B0-8E79-2EC24BBA3706}"
EndProject
Project("{2150E333-8FDC-42A3-9474-1A3956D46DE8}") = "test", "test", "{02F53E8A-7A08-4721-937D-C3CD3A656AF6}"
EndProject
Project("{FAE04EC0-301F-11D3-BF4B-00C04F79EFBC}") = "Traces.Core.Tests", "test\Traces.Core.Tests\Traces.Core.Tests.csproj", "{BC7D00D1-BA12-4113-8800-7B05A3E8C8F4}"
EndProject
Project("{2150E333-8FDC-42A3-9474-1A3956D46DE8}") = "rulesets", "rulesets", "{F0C28156-4481-447D-BECF-2A9C9B8E7F06}"
ProjectSection(SolutionItems) = preProject
	rulesets\all.ruleset = rulesets\all.ruleset
	rulesets\analysers.proj = rulesets\analysers.proj
	rulesets\codecracker.ruleset = rulesets\codecracker.ruleset
	rulesets\stylecop.ruleset = rulesets\stylecop.ruleset
	rulesets\System.Runtime.Analyzers.ruleset = rulesets\System.Runtime.Analyzers.ruleset
	rulesets\FxCopAnalyzers.ruleset = rulesets\FxCopAnalyzers.ruleset
	rulesets\SonarAnalyzer.ruleset = rulesets\SonarAnalyzer.ruleset
EndProjectSection
EndProject
Project("{2150E333-8FDC-42A3-9474-1A3956D46DE8}") = "tools", "tools", "{C3D162A9-A40F-4DDA-A7D9-E11EDA123A02}"
EndProject
Project("{FAE04EC0-301F-11D3-BF4B-00C04F79EFBC}") = "Traces.Testing", "tools\Traces.Testing\Traces.Testing.csproj", "{C4338859-5692-4858-92CE-9CA6289D4DBA}"
EndProject
Project("{FAE04EC0-301F-11D3-BF4B-00C04F79EFBC}") = "Traces.Data", "src\Traces.Data\Traces.Data.csproj", "{039841C4-8A6F-47FB-B0F0-1D1B0624E169}"
EndProject
Project("{FAE04EC0-301F-11D3-BF4B-00C04F79EFBC}") = "Traces.Core", "src\Traces.Core\Traces.Core.csproj", "{AD45D399-7D3E-4CC2-9A21-CEAF235D637D}"
EndProject
Project("{FAE04EC0-301F-11D3-BF4B-00C04F79EFBC}") = "Traces.Common", "src\Traces.Common\Traces.Common.csproj", "{07F31AD8-F7E0-4C35-B532-875FFCB86FA9}"
EndProject
Project("{FAE04EC0-301F-11D3-BF4B-00C04F79EFBC}") = "Traces.Web.Tests", "test\Traces.Web.Tests\Traces.Web.Tests.csproj", "{B65267F5-B7F5-46CB-8413-32569518099B}"
EndProject
Project("{2150E333-8FDC-42A3-9474-1A3956D46DE8}") = "Clients", "Clients", "{3026DFC7-5DF3-4620-802F-6F852128013E}"
EndProject
Project("{FAE04EC0-301F-11D3-BF4B-00C04F79EFBC}") = "Traces.ApaleoClients", "src\Clients\Traces.ApaleoClients\Traces.ApaleoClients.csproj", "{31A4AC3B-47F7-4DF6-BAF8-3D3C60EBC46C}"
EndProject
Project("{FAE04EC0-301F-11D3-BF4B-00C04F79EFBC}") = "Traces.Common.Tests", "test\Traces.Common.Tests\Traces.Common.Tests.csproj", "{E5902929-E3D4-4C35-8FFB-9DA29DB43689}"
EndProject
Project("{2150E333-8FDC-42A3-9474-1A3956D46DE8}") = "SolutionItems", "SolutionItems", "{109EA3E4-FC9E-4667-B96D-B0578D316DB1}"
ProjectSection(SolutionItems) = preProject
	README.md = README.md
EndProjectSection
EndProject
Global
	GlobalSection(SolutionConfigurationPlatforms) = preSolution
		Debug|Any CPU = Debug|Any CPU
		Release|Any CPU = Release|Any CPU
	EndGlobalSection
	GlobalSection(ProjectConfigurationPlatforms) = postSolution
		{88275473-3177-42B0-8E79-2EC24BBA3706}.Debug|Any CPU.ActiveCfg = Debug|Any CPU
		{88275473-3177-42B0-8E79-2EC24BBA3706}.Debug|Any CPU.Build.0 = Debug|Any CPU
		{88275473-3177-42B0-8E79-2EC24BBA3706}.Release|Any CPU.ActiveCfg = Release|Any CPU
		{88275473-3177-42B0-8E79-2EC24BBA3706}.Release|Any CPU.Build.0 = Release|Any CPU
		{BC7D00D1-BA12-4113-8800-7B05A3E8C8F4}.Debug|Any CPU.ActiveCfg = Debug|Any CPU
		{BC7D00D1-BA12-4113-8800-7B05A3E8C8F4}.Debug|Any CPU.Build.0 = Debug|Any CPU
		{BC7D00D1-BA12-4113-8800-7B05A3E8C8F4}.Release|Any CPU.ActiveCfg = Release|Any CPU
		{BC7D00D1-BA12-4113-8800-7B05A3E8C8F4}.Release|Any CPU.Build.0 = Release|Any CPU
		{C4338859-5692-4858-92CE-9CA6289D4DBA}.Debug|Any CPU.ActiveCfg = Debug|Any CPU
		{C4338859-5692-4858-92CE-9CA6289D4DBA}.Debug|Any CPU.Build.0 = Debug|Any CPU
		{C4338859-5692-4858-92CE-9CA6289D4DBA}.Release|Any CPU.ActiveCfg = Release|Any CPU
		{C4338859-5692-4858-92CE-9CA6289D4DBA}.Release|Any CPU.Build.0 = Release|Any CPU
		{039841C4-8A6F-47FB-B0F0-1D1B0624E169}.Debug|Any CPU.ActiveCfg = Debug|Any CPU
		{039841C4-8A6F-47FB-B0F0-1D1B0624E169}.Debug|Any CPU.Build.0 = Debug|Any CPU
		{039841C4-8A6F-47FB-B0F0-1D1B0624E169}.Release|Any CPU.ActiveCfg = Release|Any CPU
		{039841C4-8A6F-47FB-B0F0-1D1B0624E169}.Release|Any CPU.Build.0 = Release|Any CPU
		{AD45D399-7D3E-4CC2-9A21-CEAF235D637D}.Debug|Any CPU.ActiveCfg = Debug|Any CPU
		{AD45D399-7D3E-4CC2-9A21-CEAF235D637D}.Debug|Any CPU.Build.0 = Debug|Any CPU
		{AD45D399-7D3E-4CC2-9A21-CEAF235D637D}.Release|Any CPU.ActiveCfg = Release|Any CPU
		{AD45D399-7D3E-4CC2-9A21-CEAF235D637D}.Release|Any CPU.Build.0 = Release|Any CPU
		{07F31AD8-F7E0-4C35-B532-875FFCB86FA9}.Debug|Any CPU.ActiveCfg = Debug|Any CPU
		{07F31AD8-F7E0-4C35-B532-875FFCB86FA9}.Debug|Any CPU.Build.0 = Debug|Any CPU
		{07F31AD8-F7E0-4C35-B532-875FFCB86FA9}.Release|Any CPU.ActiveCfg = Release|Any CPU
		{07F31AD8-F7E0-4C35-B532-875FFCB86FA9}.Release|Any CPU.Build.0 = Release|Any CPU
		{B65267F5-B7F5-46CB-8413-32569518099B}.Debug|Any CPU.ActiveCfg = Debug|Any CPU
		{B65267F5-B7F5-46CB-8413-32569518099B}.Debug|Any CPU.Build.0 = Debug|Any CPU
		{B65267F5-B7F5-46CB-8413-32569518099B}.Release|Any CPU.ActiveCfg = Release|Any CPU
		{B65267F5-B7F5-46CB-8413-32569518099B}.Release|Any CPU.Build.0 = Release|Any CPU
		{31A4AC3B-47F7-4DF6-BAF8-3D3C60EBC46C}.Debug|Any CPU.ActiveCfg = Debug|Any CPU
		{31A4AC3B-47F7-4DF6-BAF8-3D3C60EBC46C}.Debug|Any CPU.Build.0 = Debug|Any CPU
		{31A4AC3B-47F7-4DF6-BAF8-3D3C60EBC46C}.Release|Any CPU.ActiveCfg = Release|Any CPU
		{31A4AC3B-47F7-4DF6-BAF8-3D3C60EBC46C}.Release|Any CPU.Build.0 = Release|Any CPU
		{E5902929-E3D4-4C35-8FFB-9DA29DB43689}.Debug|Any CPU.ActiveCfg = Debug|Any CPU
		{E5902929-E3D4-4C35-8FFB-9DA29DB43689}.Debug|Any CPU.Build.0 = Debug|Any CPU
		{E5902929-E3D4-4C35-8FFB-9DA29DB43689}.Release|Any CPU.ActiveCfg = Release|Any CPU
		{E5902929-E3D4-4C35-8FFB-9DA29DB43689}.Release|Any CPU.Build.0 = Release|Any CPU
	EndGlobalSection
	GlobalSection(NestedProjects) = preSolution
		{88275473-3177-42B0-8E79-2EC24BBA3706} = {BE279DB8-B705-442A-961E-829583617226}
		{BC7D00D1-BA12-4113-8800-7B05A3E8C8F4} = {02F53E8A-7A08-4721-937D-C3CD3A656AF6}
		{C4338859-5692-4858-92CE-9CA6289D4DBA} = {C3D162A9-A40F-4DDA-A7D9-E11EDA123A02}
		{039841C4-8A6F-47FB-B0F0-1D1B0624E169} = {BE279DB8-B705-442A-961E-829583617226}
		{AD45D399-7D3E-4CC2-9A21-CEAF235D637D} = {BE279DB8-B705-442A-961E-829583617226}
		{07F31AD8-F7E0-4C35-B532-875FFCB86FA9} = {BE279DB8-B705-442A-961E-829583617226}
		{B65267F5-B7F5-46CB-8413-32569518099B} = {02F53E8A-7A08-4721-937D-C3CD3A656AF6}
		{3026DFC7-5DF3-4620-802F-6F852128013E} = {BE279DB8-B705-442A-961E-829583617226}
		{31A4AC3B-47F7-4DF6-BAF8-3D3C60EBC46C} = {3026DFC7-5DF3-4620-802F-6F852128013E}
		{E5902929-E3D4-4C35-8FFB-9DA29DB43689} = {02F53E8A-7A08-4721-937D-C3CD3A656AF6}
	EndGlobalSection
EndGlobal
