
Microsoft Visual Studio Solution File, Format Version 12.00
Project("{2150E333-8FDC-42A3-9474-1A3956D46DE8}") = "src", "src", "{BE279DB8-B705-442A-961E-829583617226}"
EndProject
Project("{FAE04EC0-301F-11D3-BF4B-00C04F79EFBC}") = "Traces.Web", "src\Traces.Web\Traces.Web.csproj", "{88275473-3177-42B0-8E79-2EC24BBA3706}"
EndProject
Project("{FAE04EC0-301F-11D3-BF4B-00C04F79EFBC}") = "Traces.Core", "src\Traces.Core\Traces.Core.csproj", "{6757DB60-C659-4BED-8355-214C45692BB3}"
EndProject
Project("{FAE04EC0-301F-11D3-BF4B-00C04F79EFBC}") = "Traces.Data", "src\Traces.Data\Traces.Data.csproj", "{0DBB2B82-0438-4FD7-979A-1C4BCB5168A8}"
EndProject
Project("{2150E333-8FDC-42A3-9474-1A3956D46DE8}") = "test", "test", "{02F53E8A-7A08-4721-937D-C3CD3A656AF6}"
EndProject
Project("{FAE04EC0-301F-11D3-BF4B-00C04F79EFBC}") = "Traces.Core.Tests", "test\Traces.Core.Tests\Traces.Core.Tests.csproj", "{BC7D00D1-BA12-4113-8800-7B05A3E8C8F4}"
EndProject
Project("{2150E333-8FDC-42A3-9474-1A3956D46DE8}") = "rulesets", "rulesets", "{F0C28156-4481-447D-BECF-2A9C9B8E7F06}"
ProjectSection(SolutionItems) = preProject
	rulesets\all.ruleset = rulesets\all.ruleset
	rulesets\analysers.proj = rulesets\analysers.proj
	rulesets\codecracker.ruleset = rulesets\codecracker.ruleset
	rulesets\stylecop.ruleset = rulesets\stylecop.ruleset
	rulesets\System.Runtime.Analyzers.ruleset = rulesets\System.Runtime.Analyzers.ruleset
EndProjectSection
EndProject
Global
	GlobalSection(SolutionConfigurationPlatforms) = preSolution
		Debug|Any CPU = Debug|Any CPU
		Release|Any CPU = Release|Any CPU
	EndGlobalSection
	GlobalSection(ProjectConfigurationPlatforms) = postSolution
		{88275473-3177-42B0-8E79-2EC24BBA3706}.Debug|Any CPU.ActiveCfg = Debug|Any CPU
		{88275473-3177-42B0-8E79-2EC24BBA3706}.Debug|Any CPU.Build.0 = Debug|Any CPU
		{88275473-3177-42B0-8E79-2EC24BBA3706}.Release|Any CPU.ActiveCfg = Release|Any CPU
		{88275473-3177-42B0-8E79-2EC24BBA3706}.Release|Any CPU.Build.0 = Release|Any CPU
		{6757DB60-C659-4BED-8355-214C45692BB3}.Debug|Any CPU.ActiveCfg = Debug|Any CPU
		{6757DB60-C659-4BED-8355-214C45692BB3}.Debug|Any CPU.Build.0 = Debug|Any CPU
		{6757DB60-C659-4BED-8355-214C45692BB3}.Release|Any CPU.ActiveCfg = Release|Any CPU
		{6757DB60-C659-4BED-8355-214C45692BB3}.Release|Any CPU.Build.0 = Release|Any CPU
		{0DBB2B82-0438-4FD7-979A-1C4BCB5168A8}.Debug|Any CPU.ActiveCfg = Debug|Any CPU
		{0DBB2B82-0438-4FD7-979A-1C4BCB5168A8}.Debug|Any CPU.Build.0 = Debug|Any CPU
		{0DBB2B82-0438-4FD7-979A-1C4BCB5168A8}.Release|Any CPU.ActiveCfg = Release|Any CPU
		{0DBB2B82-0438-4FD7-979A-1C4BCB5168A8}.Release|Any CPU.Build.0 = Release|Any CPU
		{BC7D00D1-BA12-4113-8800-7B05A3E8C8F4}.Debug|Any CPU.ActiveCfg = Debug|Any CPU
		{BC7D00D1-BA12-4113-8800-7B05A3E8C8F4}.Debug|Any CPU.Build.0 = Debug|Any CPU
		{BC7D00D1-BA12-4113-8800-7B05A3E8C8F4}.Release|Any CPU.ActiveCfg = Release|Any CPU
		{BC7D00D1-BA12-4113-8800-7B05A3E8C8F4}.Release|Any CPU.Build.0 = Release|Any CPU
	EndGlobalSection
	GlobalSection(NestedProjects) = preSolution
		{88275473-3177-42B0-8E79-2EC24BBA3706} = {BE279DB8-B705-442A-961E-829583617226}
		{6757DB60-C659-4BED-8355-214C45692BB3} = {BE279DB8-B705-442A-961E-829583617226}
		{0DBB2B82-0438-4FD7-979A-1C4BCB5168A8} = {BE279DB8-B705-442A-961E-829583617226}
		{BC7D00D1-BA12-4113-8800-7B05A3E8C8F4} = {02F53E8A-7A08-4721-937D-C3CD3A656AF6}
	EndGlobalSection
EndGlobal
